
Microsoft Visual Studio Solution File, Format Version 12.00
# Visual Studio Version 17
VisualStudioVersion = 17.11.35327.3
MinimumVisualStudioVersion = 10.0.40219.1
Project("{FAE04EC0-301F-11D3-BF4B-00C04F79EFBC}") = "Custom attribute", "Custom attribute\Custom attribute.csproj", "{DC2269DC-8CD0-4E6D-9751-07E7D6AB4BEA}"
EndProject
Global
	GlobalSection(SolutionConfigurationPlatforms) = preSolution
		Debug|Any CPU = Debug|Any CPU
		Release|Any CPU = Release|Any CPU
	EndGlobalSection
	GlobalSection(ProjectConfigurationPlatforms) = postSolution
		{DC2269DC-8CD0-4E6D-9751-07E7D6AB4BEA}.Debug|Any CPU.ActiveCfg = Debug|Any CPU
		{DC2269DC-8CD0-4E6D-9751-07E7D6AB4BEA}.Debug|Any CPU.Build.0 = Debug|Any CPU
		{DC2269DC-8CD0-4E6D-9751-07E7D6AB4BEA}.Release|Any CPU.ActiveCfg = Release|Any CPU
		{DC2269DC-8CD0-4E6D-9751-07E7D6AB4BEA}.Release|Any CPU.Build.0 = Release|Any CPU
	EndGlobalSection
	GlobalSection(SolutionProperties) = preSolution
		HideSolutionNode = FALSE
	EndGlobalSection
	GlobalSection(ExtensibilityGlobals) = postSolution
		SolutionGuid = {F8DA31C9-D7A3-411C-81E7-24984B48391B}
	EndGlobalSection
EndGlobal
